
Microsoft Visual Studio Solution File, Format Version 12.00
Project("{FAE04EC0-301F-11D3-BF4B-00C04F79EFBC}") = "Sandbox", "Sandbox\Sandbox.csproj", "{9170551C-C4F4-46BF-9FEA-823A7B3DBE62}"
EndProject
Global
	GlobalSection(SolutionConfigurationPlatforms) = preSolution
		Debug|Any CPU = Debug|Any CPU
		Release|Any CPU = Release|Any CPU
	EndGlobalSection
	GlobalSection(ProjectConfigurationPlatforms) = postSolution
		{9170551C-C4F4-46BF-9FEA-823A7B3DBE62}.Debug|Any CPU.ActiveCfg = Debug|Any CPU
		{9170551C-C4F4-46BF-9FEA-823A7B3DBE62}.Debug|Any CPU.Build.0 = Debug|Any CPU
		{9170551C-C4F4-46BF-9FEA-823A7B3DBE62}.Release|Any CPU.ActiveCfg = Release|Any CPU
		{9170551C-C4F4-46BF-9FEA-823A7B3DBE62}.Release|Any CPU.Build.0 = Release|Any CPU
	EndGlobalSection
EndGlobal
